// !$*UTF8*$!
{
	archiveVersion = 1;
	classes = {
	};
	objectVersion = 56;
	objects = {

/* Begin PBXBuildFile section */
		751115712C0685F800DBAE65 /* WeatherViewModelTests.swift in Sources */ = {isa = PBXBuildFile; fileRef = 751115702C0685F800DBAE65 /* WeatherViewModelTests.swift */; };
		751115732C0688DB00DBAE65 /* ServiceProtocolMock.swift in Sources */ = {isa = PBXBuildFile; fileRef = 751115722C0688DB00DBAE65 /* ServiceProtocolMock.swift */; };
		7521821A2BF567DE00505BE8 /* CityWeatherFormatter.swift in Sources */ = {isa = PBXBuildFile; fileRef = 752182192BF567DE00505BE8 /* CityWeatherFormatter.swift */; };
		7521821E2BF573FB00505BE8 /* WeatherInformationView.swift in Sources */ = {isa = PBXBuildFile; fileRef = 7521821D2BF573FB00505BE8 /* WeatherInformationView.swift */; };
		752182202BF5754A00505BE8 /* WeatherInformationItemView.swift in Sources */ = {isa = PBXBuildFile; fileRef = 7521821F2BF5754A00505BE8 /* WeatherInformationItemView.swift */; };
		7548BFD52BCDC96600AD883D /* WeatherView.swift in Sources */ = {isa = PBXBuildFile; fileRef = 7548BFD42BCDC96600AD883D /* WeatherView.swift */; };
		754A53022BF30CA000D0DA53 /* WeatherType.swift in Sources */ = {isa = PBXBuildFile; fileRef = 754A53012BF30CA000D0DA53 /* WeatherType.swift */; };
		756E803F2BD9BA780002220B /* WeatherViewModel.swift in Sources */ = {isa = PBXBuildFile; fileRef = 756E803E2BD9BA780002220B /* WeatherViewModel.swift */; };
		756E80412BD9BAE80002220B /* ServiceProtocol.swift in Sources */ = {isa = PBXBuildFile; fileRef = 756E80402BD9BAE80002220B /* ServiceProtocol.swift */; };
		756E80432BD9BD590002220B /* ServiceFacade.swift in Sources */ = {isa = PBXBuildFile; fileRef = 756E80422BD9BD580002220B /* ServiceFacade.swift */; };
		756E80452BD9BE9B0002220B /* CityWeather.swift in Sources */ = {isa = PBXBuildFile; fileRef = 756E80442BD9BE9B0002220B /* CityWeather.swift */; };
		756E80472BD9C2B30002220B /* ServiceError.swift in Sources */ = {isa = PBXBuildFile; fileRef = 756E80462BD9C2B30002220B /* ServiceError.swift */; };
		75759A672BC9CFDC00D871AC /* WeatherAppApp.swift in Sources */ = {isa = PBXBuildFile; fileRef = 75759A662BC9CFDC00D871AC /* WeatherAppApp.swift */; };
		75759A6B2BC9CFDD00D871AC /* Assets.xcassets in Resources */ = {isa = PBXBuildFile; fileRef = 75759A6A2BC9CFDD00D871AC /* Assets.xcassets */; };
		75759A6E2BC9CFDD00D871AC /* Preview Assets.xcassets in Resources */ = {isa = PBXBuildFile; fileRef = 75759A6D2BC9CFDD00D871AC /* Preview Assets.xcassets */; };
		75759A782BC9CFDD00D871AC /* WeatherAppTests.swift in Sources */ = {isa = PBXBuildFile; fileRef = 75759A772BC9CFDD00D871AC /* WeatherAppTests.swift */; };
		75759A822BC9CFDD00D871AC /* WeatherAppUITests.swift in Sources */ = {isa = PBXBuildFile; fileRef = 75759A812BC9CFDD00D871AC /* WeatherAppUITests.swift */; };
		75759A842BC9CFDD00D871AC /* WeatherAppUITestsLaunchTests.swift in Sources */ = {isa = PBXBuildFile; fileRef = 75759A832BC9CFDD00D871AC /* WeatherAppUITestsLaunchTests.swift */; };
		759B747C2BF805400018456F /* WeatherTypeImageView.swift in Sources */ = {isa = PBXBuildFile; fileRef = 759B747B2BF805400018456F /* WeatherTypeImageView.swift */; };
/* End PBXBuildFile section */

/* Begin PBXContainerItemProxy section */
		75759A742BC9CFDD00D871AC /* PBXContainerItemProxy */ = {
			isa = PBXContainerItemProxy;
			containerPortal = 75759A5B2BC9CFDC00D871AC /* Project object */;
			proxyType = 1;
			remoteGlobalIDString = 75759A622BC9CFDC00D871AC;
			remoteInfo = WeatherApp;
		};
		75759A7E2BC9CFDD00D871AC /* PBXContainerItemProxy */ = {
			isa = PBXContainerItemProxy;
			containerPortal = 75759A5B2BC9CFDC00D871AC /* Project object */;
			proxyType = 1;
			remoteGlobalIDString = 75759A622BC9CFDC00D871AC;
			remoteInfo = WeatherApp;
		};
/* End PBXContainerItemProxy section */

/* Begin PBXFileReference section */
		751115702C0685F800DBAE65 /* WeatherViewModelTests.swift */ = {isa = PBXFileReference; lastKnownFileType = sourcecode.swift; path = WeatherViewModelTests.swift; sourceTree = "<group>"; };
		751115722C0688DB00DBAE65 /* ServiceProtocolMock.swift */ = {isa = PBXFileReference; lastKnownFileType = sourcecode.swift; path = ServiceProtocolMock.swift; sourceTree = "<group>"; };
		752182192BF567DE00505BE8 /* CityWeatherFormatter.swift */ = {isa = PBXFileReference; lastKnownFileType = sourcecode.swift; path = CityWeatherFormatter.swift; sourceTree = "<group>"; };
		7521821D2BF573FB00505BE8 /* WeatherInformationView.swift */ = {isa = PBXFileReference; lastKnownFileType = sourcecode.swift; path = WeatherInformationView.swift; sourceTree = "<group>"; };
		7521821F2BF5754A00505BE8 /* WeatherInformationItemView.swift */ = {isa = PBXFileReference; lastKnownFileType = sourcecode.swift; path = WeatherInformationItemView.swift; sourceTree = "<group>"; };
		7548BFD42BCDC96600AD883D /* WeatherView.swift */ = {isa = PBXFileReference; lastKnownFileType = sourcecode.swift; path = WeatherView.swift; sourceTree = "<group>"; };
		754A53012BF30CA000D0DA53 /* WeatherType.swift */ = {isa = PBXFileReference; lastKnownFileType = sourcecode.swift; path = WeatherType.swift; sourceTree = "<group>"; };
		756E803E2BD9BA780002220B /* WeatherViewModel.swift */ = {isa = PBXFileReference; lastKnownFileType = sourcecode.swift; path = WeatherViewModel.swift; sourceTree = "<group>"; };
		756E80402BD9BAE80002220B /* ServiceProtocol.swift */ = {isa = PBXFileReference; lastKnownFileType = sourcecode.swift; path = ServiceProtocol.swift; sourceTree = "<group>"; };
		756E80422BD9BD580002220B /* ServiceFacade.swift */ = {isa = PBXFileReference; lastKnownFileType = sourcecode.swift; path = ServiceFacade.swift; sourceTree = "<group>"; };
		756E80442BD9BE9B0002220B /* CityWeather.swift */ = {isa = PBXFileReference; lastKnownFileType = sourcecode.swift; path = CityWeather.swift; sourceTree = "<group>"; };
		756E80462BD9C2B30002220B /* ServiceError.swift */ = {isa = PBXFileReference; lastKnownFileType = sourcecode.swift; path = ServiceError.swift; sourceTree = "<group>"; };
		75759A632BC9CFDC00D871AC /* WeatherApp.app */ = {isa = PBXFileReference; explicitFileType = wrapper.application; includeInIndex = 0; path = WeatherApp.app; sourceTree = BUILT_PRODUCTS_DIR; };
		75759A662BC9CFDC00D871AC /* WeatherAppApp.swift */ = {isa = PBXFileReference; lastKnownFileType = sourcecode.swift; path = WeatherAppApp.swift; sourceTree = "<group>"; };
		75759A6A2BC9CFDD00D871AC /* Assets.xcassets */ = {isa = PBXFileReference; lastKnownFileType = folder.assetcatalog; path = Assets.xcassets; sourceTree = "<group>"; };
		75759A6D2BC9CFDD00D871AC /* Preview Assets.xcassets */ = {isa = PBXFileReference; lastKnownFileType = folder.assetcatalog; path = "Preview Assets.xcassets"; sourceTree = "<group>"; };
		75759A732BC9CFDD00D871AC /* WeatherAppTests.xctest */ = {isa = PBXFileReference; explicitFileType = wrapper.cfbundle; includeInIndex = 0; path = WeatherAppTests.xctest; sourceTree = BUILT_PRODUCTS_DIR; };
		75759A772BC9CFDD00D871AC /* WeatherAppTests.swift */ = {isa = PBXFileReference; lastKnownFileType = sourcecode.swift; path = WeatherAppTests.swift; sourceTree = "<group>"; };
		75759A7D2BC9CFDD00D871AC /* WeatherAppUITests.xctest */ = {isa = PBXFileReference; explicitFileType = wrapper.cfbundle; includeInIndex = 0; path = WeatherAppUITests.xctest; sourceTree = BUILT_PRODUCTS_DIR; };
		75759A812BC9CFDD00D871AC /* WeatherAppUITests.swift */ = {isa = PBXFileReference; lastKnownFileType = sourcecode.swift; path = WeatherAppUITests.swift; sourceTree = "<group>"; };
		75759A832BC9CFDD00D871AC /* WeatherAppUITestsLaunchTests.swift */ = {isa = PBXFileReference; lastKnownFileType = sourcecode.swift; path = WeatherAppUITestsLaunchTests.swift; sourceTree = "<group>"; };
		759B747B2BF805400018456F /* WeatherTypeImageView.swift */ = {isa = PBXFileReference; lastKnownFileType = sourcecode.swift; path = WeatherTypeImageView.swift; sourceTree = "<group>"; };
/* End PBXFileReference section */

/* Begin PBXFrameworksBuildPhase section */
		75759A602BC9CFDC00D871AC /* Frameworks */ = {
			isa = PBXFrameworksBuildPhase;
			buildActionMask = 2147483647;
			files = (
			);
			runOnlyForDeploymentPostprocessing = 0;
		};
		75759A702BC9CFDD00D871AC /* Frameworks */ = {
			isa = PBXFrameworksBuildPhase;
			buildActionMask = 2147483647;
			files = (
			);
			runOnlyForDeploymentPostprocessing = 0;
		};
		75759A7A2BC9CFDD00D871AC /* Frameworks */ = {
			isa = PBXFrameworksBuildPhase;
			buildActionMask = 2147483647;
			files = (
			);
			runOnlyForDeploymentPostprocessing = 0;
		};
/* End PBXFrameworksBuildPhase section */

/* Begin PBXGroup section */
		7521821B2BF572EA00505BE8 /* View */ = {
			isa = PBXGroup;
			children = (
				7521821C2BF5730300505BE8 /* Common */,
				7548BFD42BCDC96600AD883D /* WeatherView.swift */,
				7521821D2BF573FB00505BE8 /* WeatherInformationView.swift */,
			);
			path = View;
			sourceTree = "<group>";
		};
		7521821C2BF5730300505BE8 /* Common */ = {
			isa = PBXGroup;
			children = (
				7521821F2BF5754A00505BE8 /* WeatherInformationItemView.swift */,
				759B747B2BF805400018456F /* WeatherTypeImageView.swift */,
			);
			path = Common;
			sourceTree = "<group>";
		};
		756E803B2BD9BA370002220B /* Service */ = {
			isa = PBXGroup;
			children = (
				756E80402BD9BAE80002220B /* ServiceProtocol.swift */,
				756E80422BD9BD580002220B /* ServiceFacade.swift */,
				756E80462BD9C2B30002220B /* ServiceError.swift */,
			);
			path = Service;
			sourceTree = "<group>";
		};
		756E803C2BD9BA4D0002220B /* Model */ = {
			isa = PBXGroup;
			children = (
				756E80442BD9BE9B0002220B /* CityWeather.swift */,
				754A53012BF30CA000D0DA53 /* WeatherType.swift */,
				752182192BF567DE00505BE8 /* CityWeatherFormatter.swift */,
			);
			path = Model;
			sourceTree = "<group>";
		};
		756E803D2BD9BA570002220B /* ViewModel */ = {
			isa = PBXGroup;
			children = (
				756E803E2BD9BA780002220B /* WeatherViewModel.swift */,
			);
			path = ViewModel;
			sourceTree = "<group>";
		};
		75759A5A2BC9CFDC00D871AC = {
			isa = PBXGroup;
			children = (
				75759A652BC9CFDC00D871AC /* WeatherApp */,
				75759A762BC9CFDD00D871AC /* WeatherAppTests */,
				75759A802BC9CFDD00D871AC /* WeatherAppUITests */,
				75759A642BC9CFDC00D871AC /* Products */,
			);
			sourceTree = "<group>";
		};
		75759A642BC9CFDC00D871AC /* Products */ = {
			isa = PBXGroup;
			children = (
				75759A632BC9CFDC00D871AC /* WeatherApp.app */,
				75759A732BC9CFDD00D871AC /* WeatherAppTests.xctest */,
				75759A7D2BC9CFDD00D871AC /* WeatherAppUITests.xctest */,
			);
			name = Products;
			sourceTree = "<group>";
		};
		75759A652BC9CFDC00D871AC /* WeatherApp */ = {
			isa = PBXGroup;
			children = (
				7521821B2BF572EA00505BE8 /* View */,
				756E803D2BD9BA570002220B /* ViewModel */,
				756E803C2BD9BA4D0002220B /* Model */,
				756E803B2BD9BA370002220B /* Service */,
				75759A662BC9CFDC00D871AC /* WeatherAppApp.swift */,
				75759A6A2BC9CFDD00D871AC /* Assets.xcassets */,
				75759A6C2BC9CFDD00D871AC /* Preview Content */,
			);
			path = WeatherApp;
			sourceTree = "<group>";
		};
		75759A6C2BC9CFDD00D871AC /* Preview Content */ = {
			isa = PBXGroup;
			children = (
				75759A6D2BC9CFDD00D871AC /* Preview Assets.xcassets */,
			);
			path = "Preview Content";
			sourceTree = "<group>";
		};
		75759A762BC9CFDD00D871AC /* WeatherAppTests */ = {
			isa = PBXGroup;
			children = (
				75759A772BC9CFDD00D871AC /* WeatherAppTests.swift */,
				751115702C0685F800DBAE65 /* WeatherViewModelTests.swift */,
				751115722C0688DB00DBAE65 /* ServiceProtocolMock.swift */,
			);
			path = WeatherAppTests;
			sourceTree = "<group>";
		};
		75759A802BC9CFDD00D871AC /* WeatherAppUITests */ = {
			isa = PBXGroup;
			children = (
				75759A812BC9CFDD00D871AC /* WeatherAppUITests.swift */,
				75759A832BC9CFDD00D871AC /* WeatherAppUITestsLaunchTests.swift */,
			);
			path = WeatherAppUITests;
			sourceTree = "<group>";
		};
/* End PBXGroup section */

/* Begin PBXNativeTarget section */
		75759A622BC9CFDC00D871AC /* WeatherApp */ = {
			isa = PBXNativeTarget;
			buildConfigurationList = 75759A872BC9CFDD00D871AC /* Build configuration list for PBXNativeTarget "WeatherApp" */;
			buildPhases = (
				75759A5F2BC9CFDC00D871AC /* Sources */,
				75759A602BC9CFDC00D871AC /* Frameworks */,
				75759A612BC9CFDC00D871AC /* Resources */,
			);
			buildRules = (
			);
			dependencies = (
			);
			name = WeatherApp;
			productName = WeatherApp;
			productReference = 75759A632BC9CFDC00D871AC /* WeatherApp.app */;
			productType = "com.apple.product-type.application";
		};
		75759A722BC9CFDD00D871AC /* WeatherAppTests */ = {
			isa = PBXNativeTarget;
			buildConfigurationList = 75759A8A2BC9CFDD00D871AC /* Build configuration list for PBXNativeTarget "WeatherAppTests" */;
			buildPhases = (
				75759A6F2BC9CFDD00D871AC /* Sources */,
				75759A702BC9CFDD00D871AC /* Frameworks */,
				75759A712BC9CFDD00D871AC /* Resources */,
			);
			buildRules = (
			);
			dependencies = (
				75759A752BC9CFDD00D871AC /* PBXTargetDependency */,
			);
			name = WeatherAppTests;
			productName = WeatherAppTests;
			productReference = 75759A732BC9CFDD00D871AC /* WeatherAppTests.xctest */;
			productType = "com.apple.product-type.bundle.unit-test";
		};
		75759A7C2BC9CFDD00D871AC /* WeatherAppUITests */ = {
			isa = PBXNativeTarget;
			buildConfigurationList = 75759A8D2BC9CFDD00D871AC /* Build configuration list for PBXNativeTarget "WeatherAppUITests" */;
			buildPhases = (
				75759A792BC9CFDD00D871AC /* Sources */,
				75759A7A2BC9CFDD00D871AC /* Frameworks */,
				75759A7B2BC9CFDD00D871AC /* Resources */,
			);
			buildRules = (
			);
			dependencies = (
				75759A7F2BC9CFDD00D871AC /* PBXTargetDependency */,
			);
			name = WeatherAppUITests;
			productName = WeatherAppUITests;
			productReference = 75759A7D2BC9CFDD00D871AC /* WeatherAppUITests.xctest */;
			productType = "com.apple.product-type.bundle.ui-testing";
		};
/* End PBXNativeTarget section */

/* Begin PBXProject section */
		75759A5B2BC9CFDC00D871AC /* Project object */ = {
			isa = PBXProject;
			attributes = {
				BuildIndependentTargetsInParallel = 1;
				LastSwiftUpdateCheck = 1500;
				LastUpgradeCheck = 1500;
				TargetAttributes = {
					75759A622BC9CFDC00D871AC = {
						CreatedOnToolsVersion = 15.0;
					};
					75759A722BC9CFDD00D871AC = {
						CreatedOnToolsVersion = 15.0;
						TestTargetID = 75759A622BC9CFDC00D871AC;
					};
					75759A7C2BC9CFDD00D871AC = {
						CreatedOnToolsVersion = 15.0;
						TestTargetID = 75759A622BC9CFDC00D871AC;
					};
				};
			};
			buildConfigurationList = 75759A5E2BC9CFDC00D871AC /* Build configuration list for PBXProject "WeatherApp" */;
			compatibilityVersion = "Xcode 14.0";
			developmentRegion = en;
			hasScannedForEncodings = 0;
			knownRegions = (
				en,
				Base,
			);
			mainGroup = 75759A5A2BC9CFDC00D871AC;
			productRefGroup = 75759A642BC9CFDC00D871AC /* Products */;
			projectDirPath = "";
			projectRoot = "";
			targets = (
				75759A622BC9CFDC00D871AC /* WeatherApp */,
				75759A722BC9CFDD00D871AC /* WeatherAppTests */,
				75759A7C2BC9CFDD00D871AC /* WeatherAppUITests */,
			);
		};
/* End PBXProject section */

/* Begin PBXResourcesBuildPhase section */
		75759A612BC9CFDC00D871AC /* Resources */ = {
			isa = PBXResourcesBuildPhase;
			buildActionMask = 2147483647;
			files = (
				75759A6E2BC9CFDD00D871AC /* Preview Assets.xcassets in Resources */,
				75759A6B2BC9CFDD00D871AC /* Assets.xcassets in Resources */,
			);
			runOnlyForDeploymentPostprocessing = 0;
		};
		75759A712BC9CFDD00D871AC /* Resources */ = {
			isa = PBXResourcesBuildPhase;
			buildActionMask = 2147483647;
			files = (
			);
			runOnlyForDeploymentPostprocessing = 0;
		};
		75759A7B2BC9CFDD00D871AC /* Resources */ = {
			isa = PBXResourcesBuildPhase;
			buildActionMask = 2147483647;
			files = (
			);
			runOnlyForDeploymentPostprocessing = 0;
		};
/* End PBXResourcesBuildPhase section */

/* Begin PBXSourcesBuildPhase section */
		75759A5F2BC9CFDC00D871AC /* Sources */ = {
			isa = PBXSourcesBuildPhase;
			buildActionMask = 2147483647;
			files = (
				752182202BF5754A00505BE8 /* WeatherInformationItemView.swift in Sources */,
				7548BFD52BCDC96600AD883D /* WeatherView.swift in Sources */,
				756E803F2BD9BA780002220B /* WeatherViewModel.swift in Sources */,
				7521821E2BF573FB00505BE8 /* WeatherInformationView.swift in Sources */,
				75759A672BC9CFDC00D871AC /* WeatherAppApp.swift in Sources */,
				759B747C2BF805400018456F /* WeatherTypeImageView.swift in Sources */,
				756E80452BD9BE9B0002220B /* CityWeather.swift in Sources */,
				756E80432BD9BD590002220B /* ServiceFacade.swift in Sources */,
				756E80472BD9C2B30002220B /* ServiceError.swift in Sources */,
				754A53022BF30CA000D0DA53 /* WeatherType.swift in Sources */,
				756E80412BD9BAE80002220B /* ServiceProtocol.swift in Sources */,
				7521821A2BF567DE00505BE8 /* CityWeatherFormatter.swift in Sources */,
			);
			runOnlyForDeploymentPostprocessing = 0;
		};
		75759A6F2BC9CFDD00D871AC /* Sources */ = {
			isa = PBXSourcesBuildPhase;
			buildActionMask = 2147483647;
			files = (
				75759A782BC9CFDD00D871AC /* WeatherAppTests.swift in Sources */,
				751115732C0688DB00DBAE65 /* ServiceProtocolMock.swift in Sources */,
				751115712C0685F800DBAE65 /* WeatherViewModelTests.swift in Sources */,
			);
			runOnlyForDeploymentPostprocessing = 0;
		};
		75759A792BC9CFDD00D871AC /* Sources */ = {
			isa = PBXSourcesBuildPhase;
			buildActionMask = 2147483647;
			files = (
				75759A822BC9CFDD00D871AC /* WeatherAppUITests.swift in Sources */,
				75759A842BC9CFDD00D871AC /* WeatherAppUITestsLaunchTests.swift in Sources */,
			);
			runOnlyForDeploymentPostprocessing = 0;
		};
/* End PBXSourcesBuildPhase section */

/* Begin PBXTargetDependency section */
		75759A752BC9CFDD00D871AC /* PBXTargetDependency */ = {
			isa = PBXTargetDependency;
			target = 75759A622BC9CFDC00D871AC /* WeatherApp */;
			targetProxy = 75759A742BC9CFDD00D871AC /* PBXContainerItemProxy */;
		};
		75759A7F2BC9CFDD00D871AC /* PBXTargetDependency */ = {
			isa = PBXTargetDependency;
			target = 75759A622BC9CFDC00D871AC /* WeatherApp */;
			targetProxy = 75759A7E2BC9CFDD00D871AC /* PBXContainerItemProxy */;
		};
/* End PBXTargetDependency section */

/* Begin XCBuildConfiguration section */
		75759A852BC9CFDD00D871AC /* Debug */ = {
			isa = XCBuildConfiguration;
			buildSettings = {
				ALWAYS_SEARCH_USER_PATHS = NO;
				ASSETCATALOG_COMPILER_GENERATE_SWIFT_ASSET_SYMBOL_EXTENSIONS = YES;
				CLANG_ANALYZER_NONNULL = YES;
				CLANG_ANALYZER_NUMBER_OBJECT_CONVERSION = YES_AGGRESSIVE;
				CLANG_CXX_LANGUAGE_STANDARD = "gnu++20";
				CLANG_ENABLE_MODULES = YES;
				CLANG_ENABLE_OBJC_ARC = YES;
				CLANG_ENABLE_OBJC_WEAK = YES;
				CLANG_WARN_BLOCK_CAPTURE_AUTORELEASING = YES;
				CLANG_WARN_BOOL_CONVERSION = YES;
				CLANG_WARN_COMMA = YES;
				CLANG_WARN_CONSTANT_CONVERSION = YES;
				CLANG_WARN_DEPRECATED_OBJC_IMPLEMENTATIONS = YES;
				CLANG_WARN_DIRECT_OBJC_ISA_USAGE = YES_ERROR;
				CLANG_WARN_DOCUMENTATION_COMMENTS = YES;
				CLANG_WARN_EMPTY_BODY = YES;
				CLANG_WARN_ENUM_CONVERSION = YES;
				CLANG_WARN_INFINITE_RECURSION = YES;
				CLANG_WARN_INT_CONVERSION = YES;
				CLANG_WARN_NON_LITERAL_NULL_CONVERSION = YES;
				CLANG_WARN_OBJC_IMPLICIT_RETAIN_SELF = YES;
				CLANG_WARN_OBJC_LITERAL_CONVERSION = YES;
				CLANG_WARN_OBJC_ROOT_CLASS = YES_ERROR;
				CLANG_WARN_QUOTED_INCLUDE_IN_FRAMEWORK_HEADER = YES;
				CLANG_WARN_RANGE_LOOP_ANALYSIS = YES;
				CLANG_WARN_STRICT_PROTOTYPES = YES;
				CLANG_WARN_SUSPICIOUS_MOVE = YES;
				CLANG_WARN_UNGUARDED_AVAILABILITY = YES_AGGRESSIVE;
				CLANG_WARN_UNREACHABLE_CODE = YES;
				CLANG_WARN__DUPLICATE_METHOD_MATCH = YES;
				COPY_PHASE_STRIP = NO;
				DEBUG_INFORMATION_FORMAT = dwarf;
				ENABLE_STRICT_OBJC_MSGSEND = YES;
				ENABLE_TESTABILITY = YES;
				ENABLE_USER_SCRIPT_SANDBOXING = YES;
				GCC_C_LANGUAGE_STANDARD = gnu17;
				GCC_DYNAMIC_NO_PIC = NO;
				GCC_NO_COMMON_BLOCKS = YES;
				GCC_OPTIMIZATION_LEVEL = 0;
				GCC_PREPROCESSOR_DEFINITIONS = (
					"DEBUG=1",
					"$(inherited)",
				);
				GCC_WARN_64_TO_32_BIT_CONVERSION = YES;
				GCC_WARN_ABOUT_RETURN_TYPE = YES_ERROR;
				GCC_WARN_UNDECLARED_SELECTOR = YES;
				GCC_WARN_UNINITIALIZED_AUTOS = YES_AGGRESSIVE;
				GCC_WARN_UNUSED_FUNCTION = YES;
				GCC_WARN_UNUSED_VARIABLE = YES;
				IPHONEOS_DEPLOYMENT_TARGET = 17.0;
				LOCALIZATION_PREFERS_STRING_CATALOGS = YES;
				MTL_ENABLE_DEBUG_INFO = INCLUDE_SOURCE;
				MTL_FAST_MATH = YES;
				ONLY_ACTIVE_ARCH = YES;
				SDKROOT = iphoneos;
				SWIFT_ACTIVE_COMPILATION_CONDITIONS = "DEBUG $(inherited)";
				SWIFT_OPTIMIZATION_LEVEL = "-Onone";
			};
			name = Debug;
		};
		75759A862BC9CFDD00D871AC /* Release */ = {
			isa = XCBuildConfiguration;
			buildSettings = {
				ALWAYS_SEARCH_USER_PATHS = NO;
				ASSETCATALOG_COMPILER_GENERATE_SWIFT_ASSET_SYMBOL_EXTENSIONS = YES;
				CLANG_ANALYZER_NONNULL = YES;
				CLANG_ANALYZER_NUMBER_OBJECT_CONVERSION = YES_AGGRESSIVE;
				CLANG_CXX_LANGUAGE_STANDARD = "gnu++20";
				CLANG_ENABLE_MODULES = YES;
				CLANG_ENABLE_OBJC_ARC = YES;
				CLANG_ENABLE_OBJC_WEAK = YES;
				CLANG_WARN_BLOCK_CAPTURE_AUTORELEASING = YES;
				CLANG_WARN_BOOL_CONVERSION = YES;
				CLANG_WARN_COMMA = YES;
				CLANG_WARN_CONSTANT_CONVERSION = YES;
				CLANG_WARN_DEPRECATED_OBJC_IMPLEMENTATIONS = YES;
				CLANG_WARN_DIRECT_OBJC_ISA_USAGE = YES_ERROR;
				CLANG_WARN_DOCUMENTATION_COMMENTS = YES;
				CLANG_WARN_EMPTY_BODY = YES;
				CLANG_WARN_ENUM_CONVERSION = YES;
				CLANG_WARN_INFINITE_RECURSION = YES;
				CLANG_WARN_INT_CONVERSION = YES;
				CLANG_WARN_NON_LITERAL_NULL_CONVERSION = YES;
				CLANG_WARN_OBJC_IMPLICIT_RETAIN_SELF = YES;
				CLANG_WARN_OBJC_LITERAL_CONVERSION = YES;
				CLANG_WARN_OBJC_ROOT_CLASS = YES_ERROR;
				CLANG_WARN_QUOTED_INCLUDE_IN_FRAMEWORK_HEADER = YES;
				CLANG_WARN_RANGE_LOOP_ANALYSIS = YES;
				CLANG_WARN_STRICT_PROTOTYPES = YES;
				CLANG_WARN_SUSPICIOUS_MOVE = YES;
				CLANG_WARN_UNGUARDED_AVAILABILITY = YES_AGGRESSIVE;
				CLANG_WARN_UNREACHABLE_CODE = YES;
				CLANG_WARN__DUPLICATE_METHOD_MATCH = YES;
				COPY_PHASE_STRIP = NO;
				DEBUG_INFORMATION_FORMAT = "dwarf-with-dsym";
				ENABLE_NS_ASSERTIONS = NO;
				ENABLE_STRICT_OBJC_MSGSEND = YES;
				ENABLE_USER_SCRIPT_SANDBOXING = YES;
				GCC_C_LANGUAGE_STANDARD = gnu17;
				GCC_NO_COMMON_BLOCKS = YES;
				GCC_WARN_64_TO_32_BIT_CONVERSION = YES;
				GCC_WARN_ABOUT_RETURN_TYPE = YES_ERROR;
				GCC_WARN_UNDECLARED_SELECTOR = YES;
				GCC_WARN_UNINITIALIZED_AUTOS = YES_AGGRESSIVE;
				GCC_WARN_UNUSED_FUNCTION = YES;
				GCC_WARN_UNUSED_VARIABLE = YES;
				IPHONEOS_DEPLOYMENT_TARGET = 17.0;
				LOCALIZATION_PREFERS_STRING_CATALOGS = YES;
				MTL_ENABLE_DEBUG_INFO = NO;
				MTL_FAST_MATH = YES;
				SDKROOT = iphoneos;
				SWIFT_COMPILATION_MODE = wholemodule;
				VALIDATE_PRODUCT = YES;
			};
			name = Release;
		};
		75759A882BC9CFDD00D871AC /* Debug */ = {
			isa = XCBuildConfiguration;
			buildSettings = {
				ASSETCATALOG_COMPILER_APPICON_NAME = AppIcon;
				ASSETCATALOG_COMPILER_GLOBAL_ACCENT_COLOR_NAME = AccentColor;
				CODE_SIGN_STYLE = Automatic;
				CURRENT_PROJECT_VERSION = 1;
				DEVELOPMENT_ASSET_PATHS = "\"WeatherApp/Preview Content\"";
				DEVELOPMENT_TEAM = QS8NP7Z934;
				ENABLE_PREVIEWS = YES;
				GENERATE_INFOPLIST_FILE = YES;
				INFOPLIST_KEY_UIApplicationSceneManifest_Generation = YES;
				INFOPLIST_KEY_UIApplicationSupportsIndirectInputEvents = YES;
				INFOPLIST_KEY_UILaunchScreen_Generation = YES;
				INFOPLIST_KEY_UISupportedInterfaceOrientations_iPad = "UIInterfaceOrientationPortrait UIInterfaceOrientationPortraitUpsideDown UIInterfaceOrientationLandscapeLeft UIInterfaceOrientationLandscapeRight";
				INFOPLIST_KEY_UISupportedInterfaceOrientations_iPhone = "UIInterfaceOrientationPortrait UIInterfaceOrientationLandscapeLeft UIInterfaceOrientationLandscapeRight";
				IPHONEOS_DEPLOYMENT_TARGET = 16.0;
				LD_RUNPATH_SEARCH_PATHS = (
					"$(inherited)",
					"@executable_path/Frameworks",
				);
				MARKETING_VERSION = 1.0;
				PRODUCT_BUNDLE_IDENTIFIER = com.carvajal.WeatherApp;
				PRODUCT_NAME = "$(TARGET_NAME)";
				SWIFT_EMIT_LOC_STRINGS = YES;
				SWIFT_VERSION = 5.0;
				TARGETED_DEVICE_FAMILY = "1,2";
			};
			name = Debug;
		};
		75759A892BC9CFDD00D871AC /* Release */ = {
			isa = XCBuildConfiguration;
			buildSettings = {
				ASSETCATALOG_COMPILER_APPICON_NAME = AppIcon;
				ASSETCATALOG_COMPILER_GLOBAL_ACCENT_COLOR_NAME = AccentColor;
				CODE_SIGN_STYLE = Automatic;
				CURRENT_PROJECT_VERSION = 1;
				DEVELOPMENT_ASSET_PATHS = "\"WeatherApp/Preview Content\"";
				DEVELOPMENT_TEAM = QS8NP7Z934;
				ENABLE_PREVIEWS = YES;
				GENERATE_INFOPLIST_FILE = YES;
				INFOPLIST_KEY_UIApplicationSceneManifest_Generation = YES;
				INFOPLIST_KEY_UIApplicationSupportsIndirectInputEvents = YES;
				INFOPLIST_KEY_UILaunchScreen_Generation = YES;
				INFOPLIST_KEY_UISupportedInterfaceOrientations_iPad = "UIInterfaceOrientationPortrait UIInterfaceOrientationPortraitUpsideDown UIInterfaceOrientationLandscapeLeft UIInterfaceOrientationLandscapeRight";
				INFOPLIST_KEY_UISupportedInterfaceOrientations_iPhone = "UIInterfaceOrientationPortrait UIInterfaceOrientationLandscapeLeft UIInterfaceOrientationLandscapeRight";
				IPHONEOS_DEPLOYMENT_TARGET = 16.0;
				LD_RUNPATH_SEARCH_PATHS = (
					"$(inherited)",
					"@executable_path/Frameworks",
				);
				MARKETING_VERSION = 1.0;
				PRODUCT_BUNDLE_IDENTIFIER = com.carvajal.WeatherApp;
				PRODUCT_NAME = "$(TARGET_NAME)";
				SWIFT_EMIT_LOC_STRINGS = YES;
				SWIFT_VERSION = 5.0;
				TARGETED_DEVICE_FAMILY = "1,2";
			};
			name = Release;
		};
		75759A8B2BC9CFDD00D871AC /* Debug */ = {
			isa = XCBuildConfiguration;
			buildSettings = {
				ALWAYS_EMBED_SWIFT_STANDARD_LIBRARIES = YES;
				BUNDLE_LOADER = "$(TEST_HOST)";
				CODE_SIGN_STYLE = Automatic;
				CURRENT_PROJECT_VERSION = 1;
				DEVELOPMENT_TEAM = QS8NP7Z934;
				GENERATE_INFOPLIST_FILE = YES;
				IPHONEOS_DEPLOYMENT_TARGET = 17.0;
				MARKETING_VERSION = 1.0;
				PRODUCT_BUNDLE_IDENTIFIER = com.carvajal.WeatherAppTests;
				PRODUCT_NAME = "$(TARGET_NAME)";
				SWIFT_EMIT_LOC_STRINGS = NO;
				SWIFT_VERSION = 5.0;
				TARGETED_DEVICE_FAMILY = "1,2";
				TEST_HOST = "$(BUILT_PRODUCTS_DIR)/WeatherApp.app/$(BUNDLE_EXECUTABLE_FOLDER_PATH)/WeatherApp";
			};
			name = Debug;
		};
		75759A8C2BC9CFDD00D871AC /* Release */ = {
			isa = XCBuildConfiguration;
			buildSettings = {
				ALWAYS_EMBED_SWIFT_STANDARD_LIBRARIES = YES;
				BUNDLE_LOADER = "$(TEST_HOST)";
				CODE_SIGN_STYLE = Automatic;
				CURRENT_PROJECT_VERSION = 1;
				DEVELOPMENT_TEAM = QS8NP7Z934;
				GENERATE_INFOPLIST_FILE = YES;
				IPHONEOS_DEPLOYMENT_TARGET = 17.0;
				MARKETING_VERSION = 1.0;
				PRODUCT_BUNDLE_IDENTIFIER = com.carvajal.WeatherAppTests;
				PRODUCT_NAME = "$(TARGET_NAME)";
				SWIFT_EMIT_LOC_STRINGS = NO;
				SWIFT_VERSION = 5.0;
				TARGETED_DEVICE_FAMILY = "1,2";
				TEST_HOST = "$(BUILT_PRODUCTS_DIR)/WeatherApp.app/$(BUNDLE_EXECUTABLE_FOLDER_PATH)/WeatherApp";
			};
			name = Release;
		};
		75759A8E2BC9CFDD00D871AC /* Debug */ = {
			isa = XCBuildConfiguration;
			buildSettings = {
				ALWAYS_EMBED_SWIFT_STANDARD_LIBRARIES = YES;
				CODE_SIGN_STYLE = Automatic;
				CURRENT_PROJECT_VERSION = 1;
				DEVELOPMENT_TEAM = QS8NP7Z934;
				GENERATE_INFOPLIST_FILE = YES;
				MARKETING_VERSION = 1.0;
				PRODUCT_BUNDLE_IDENTIFIER = com.carvajal.WeatherAppUITests;
				PRODUCT_NAME = "$(TARGET_NAME)";
				SWIFT_EMIT_LOC_STRINGS = NO;
				SWIFT_VERSION = 5.0;
				TARGETED_DEVICE_FAMILY = "1,2";
				TEST_TARGET_NAME = WeatherApp;
			};
			name = Debug;
		};
		75759A8F2BC9CFDD00D871AC /* Release */ = {
			isa = XCBuildConfiguration;
			buildSettings = {
				ALWAYS_EMBED_SWIFT_STANDARD_LIBRARIES = YES;
				CODE_SIGN_STYLE = Automatic;
				CURRENT_PROJECT_VERSION = 1;
				DEVELOPMENT_TEAM = QS8NP7Z934;
				GENERATE_INFOPLIST_FILE = YES;
				MARKETING_VERSION = 1.0;
				PRODUCT_BUNDLE_IDENTIFIER = com.carvajal.WeatherAppUITests;
				PRODUCT_NAME = "$(TARGET_NAME)";
				SWIFT_EMIT_LOC_STRINGS = NO;
				SWIFT_VERSION = 5.0;
				TARGETED_DEVICE_FAMILY = "1,2";
				TEST_TARGET_NAME = WeatherApp;
			};
			name = Release;
		};
/* End XCBuildConfiguration section */

/* Begin XCConfigurationList section */
		75759A5E2BC9CFDC00D871AC /* Build configuration list for PBXProject "WeatherApp" */ = {
			isa = XCConfigurationList;
			buildConfigurations = (
				75759A852BC9CFDD00D871AC /* Debug */,
				75759A862BC9CFDD00D871AC /* Release */,
			);
			defaultConfigurationIsVisible = 0;
			defaultConfigurationName = Release;
		};
		75759A872BC9CFDD00D871AC /* Build configuration list for PBXNativeTarget "WeatherApp" */ = {
			isa = XCConfigurationList;
			buildConfigurations = (
				75759A882BC9CFDD00D871AC /* Debug */,
				75759A892BC9CFDD00D871AC /* Release */,
			);
			defaultConfigurationIsVisible = 0;
			defaultConfigurationName = Release;
		};
		75759A8A2BC9CFDD00D871AC /* Build configuration list for PBXNativeTarget "WeatherAppTests" */ = {
			isa = XCConfigurationList;
			buildConfigurations = (
				75759A8B2BC9CFDD00D871AC /* Debug */,
				75759A8C2BC9CFDD00D871AC /* Release */,
			);
			defaultConfigurationIsVisible = 0;
			defaultConfigurationName = Release;
		};
		75759A8D2BC9CFDD00D871AC /* Build configuration list for PBXNativeTarget "WeatherAppUITests" */ = {
			isa = XCConfigurationList;
			buildConfigurations = (
				75759A8E2BC9CFDD00D871AC /* Debug */,
				75759A8F2BC9CFDD00D871AC /* Release */,
			);
			defaultConfigurationIsVisible = 0;
			defaultConfigurationName = Release;
		};
/* End XCConfigurationList section */
	};
	rootObject = 75759A5B2BC9CFDC00D871AC /* Project object */;
}
